// !$*UTF8*$!
{
	archiveVersion = 1;
	classes = {
	};
	objectVersion = 46;
	objects = {

/* Begin PBXBuildFile section */
		E7853F3A176F9FEE00EEAE4A /* Foundation.framework in Frameworks */ = {isa = PBXBuildFile; fileRef = E7853F39176F9FEE00EEAE4A /* Foundation.framework */; };
		E7853F3C176F9FEE00EEAE4A /* CoreGraphics.framework in Frameworks */ = {isa = PBXBuildFile; fileRef = E7853F3B176F9FEE00EEAE4A /* CoreGraphics.framework */; };
		E7853F3E176F9FEE00EEAE4A /* UIKit.framework in Frameworks */ = {isa = PBXBuildFile; fileRef = E7853F3D176F9FEE00EEAE4A /* UIKit.framework */; };
		E7853F40176F9FEE00EEAE4A /* SpriteKit.framework in Frameworks */ = {isa = PBXBuildFile; fileRef = E7853F3F176F9FEE00EEAE4A /* SpriteKit.framework */; };
		E7853F46176F9FEE00EEAE4A /* InfoPlist.strings in Resources */ = {isa = PBXBuildFile; fileRef = E7853F44176F9FEE00EEAE4A /* InfoPlist.strings */; };
		E7853F48176F9FEE00EEAE4A /* main.m in Sources */ = {isa = PBXBuildFile; fileRef = E7853F47176F9FEE00EEAE4A /* main.m */; };
		E7853F4C176F9FEE00EEAE4A /* HBAppDelegate.m in Sources */ = {isa = PBXBuildFile; fileRef = E7853F4B176F9FEE00EEAE4A /* HBAppDelegate.m */; };
		E7853F4F176F9FEE00EEAE4A /* Main_iPhone.storyboard in Resources */ = {isa = PBXBuildFile; fileRef = E7853F4D176F9FEE00EEAE4A /* Main_iPhone.storyboard */; };
		E7853F52176F9FEE00EEAE4A /* Main_iPad.storyboard in Resources */ = {isa = PBXBuildFile; fileRef = E7853F50176F9FEE00EEAE4A /* Main_iPad.storyboard */; };
		E7853F55176F9FEE00EEAE4A /* HBViewController.m in Sources */ = {isa = PBXBuildFile; fileRef = E7853F54176F9FEE00EEAE4A /* HBViewController.m */; };
		E7853F58176F9FEE00EEAE4A /* HBMyScene.m in Sources */ = {isa = PBXBuildFile; fileRef = E7853F57176F9FEE00EEAE4A /* HBMyScene.m */; };
		E7853F5A176F9FEE00EEAE4A /* Spaceship.png in Resources */ = {isa = PBXBuildFile; fileRef = E7853F59176F9FEE00EEAE4A /* Spaceship.png */; };
		E7853F5C176F9FEE00EEAE4A /* Images.xcassets in Resources */ = {isa = PBXBuildFile; fileRef = E7853F5B176F9FEE00EEAE4A /* Images.xcassets */; };
		E7853F63176F9FEE00EEAE4A /* XCTest.framework in Frameworks */ = {isa = PBXBuildFile; fileRef = E7853F62176F9FEE00EEAE4A /* XCTest.framework */; };
		E7853F64176F9FEE00EEAE4A /* Foundation.framework in Frameworks */ = {isa = PBXBuildFile; fileRef = E7853F39176F9FEE00EEAE4A /* Foundation.framework */; };
		E7853F65176F9FEE00EEAE4A /* UIKit.framework in Frameworks */ = {isa = PBXBuildFile; fileRef = E7853F3D176F9FEE00EEAE4A /* UIKit.framework */; };
		E7853F6D176F9FEE00EEAE4A /* InfoPlist.strings in Resources */ = {isa = PBXBuildFile; fileRef = E7853F6B176F9FEE00EEAE4A /* InfoPlist.strings */; };
		E7853F6F176F9FEE00EEAE4A /* HBBoilerplateTests.m in Sources */ = {isa = PBXBuildFile; fileRef = E7853F6E176F9FEE00EEAE4A /* HBBoilerplateTests.m */; };
/* End PBXBuildFile section */

/* Begin PBXContainerItemProxy section */
		E7853F66176F9FEE00EEAE4A /* PBXContainerItemProxy */ = {
			isa = PBXContainerItemProxy;
			containerPortal = E7853F2E176F9FEE00EEAE4A /* Project object */;
			proxyType = 1;
			remoteGlobalIDString = E7853F35176F9FEE00EEAE4A;
			remoteInfo = HBBoilerplate;
		};
/* End PBXContainerItemProxy section */

/* Begin PBXFileReference section */
		E7853F36176F9FEE00EEAE4A /* HBBoilerplate.app */ = {isa = PBXFileReference; explicitFileType = wrapper.application; includeInIndex = 0; path = HBBoilerplate.app; sourceTree = BUILT_PRODUCTS_DIR; };
		E7853F39176F9FEE00EEAE4A /* Foundation.framework */ = {isa = PBXFileReference; lastKnownFileType = wrapper.framework; name = Foundation.framework; path = System/Library/Frameworks/Foundation.framework; sourceTree = SDKROOT; };
		E7853F3B176F9FEE00EEAE4A /* CoreGraphics.framework */ = {isa = PBXFileReference; lastKnownFileType = wrapper.framework; name = CoreGraphics.framework; path = System/Library/Frameworks/CoreGraphics.framework; sourceTree = SDKROOT; };
		E7853F3D176F9FEE00EEAE4A /* UIKit.framework */ = {isa = PBXFileReference; lastKnownFileType = wrapper.framework; name = UIKit.framework; path = System/Library/Frameworks/UIKit.framework; sourceTree = SDKROOT; };
		E7853F3F176F9FEE00EEAE4A /* SpriteKit.framework */ = {isa = PBXFileReference; lastKnownFileType = wrapper.framework; name = SpriteKit.framework; path = System/Library/Frameworks/SpriteKit.framework; sourceTree = SDKROOT; };
		E7853F43176F9FEE00EEAE4A /* HBBoilerplate-Info.plist */ = {isa = PBXFileReference; lastKnownFileType = text.plist.xml; path = "HBBoilerplate-Info.plist"; sourceTree = "<group>"; };
		E7853F45176F9FEE00EEAE4A /* en */ = {isa = PBXFileReference; lastKnownFileType = text.plist.strings; name = en; path = en.lproj/InfoPlist.strings; sourceTree = "<group>"; };
		E7853F47176F9FEE00EEAE4A /* main.m */ = {isa = PBXFileReference; lastKnownFileType = sourcecode.c.objc; path = main.m; sourceTree = "<group>"; };
		E7853F49176F9FEE00EEAE4A /* HBBoilerplate-Prefix.pch */ = {isa = PBXFileReference; lastKnownFileType = sourcecode.c.h; path = "HBBoilerplate-Prefix.pch"; sourceTree = "<group>"; };
		E7853F4A176F9FEE00EEAE4A /* HBAppDelegate.h */ = {isa = PBXFileReference; lastKnownFileType = sourcecode.c.h; path = HBAppDelegate.h; sourceTree = "<group>"; };
		E7853F4B176F9FEE00EEAE4A /* HBAppDelegate.m */ = {isa = PBXFileReference; lastKnownFileType = sourcecode.c.objc; path = HBAppDelegate.m; sourceTree = "<group>"; };
		E7853F4E176F9FEE00EEAE4A /* Base */ = {isa = PBXFileReference; lastKnownFileType = file.storyboard; name = Base; path = Base.lproj/Main_iPhone.storyboard; sourceTree = "<group>"; };
		E7853F51176F9FEE00EEAE4A /* Base */ = {isa = PBXFileReference; lastKnownFileType = file.storyboard; name = Base; path = Base.lproj/Main_iPad.storyboard; sourceTree = "<group>"; };
		E7853F53176F9FEE00EEAE4A /* HBViewController.h */ = {isa = PBXFileReference; lastKnownFileType = sourcecode.c.h; path = HBViewController.h; sourceTree = "<group>"; };
		E7853F54176F9FEE00EEAE4A /* HBViewController.m */ = {isa = PBXFileReference; lastKnownFileType = sourcecode.c.objc; path = HBViewController.m; sourceTree = "<group>"; };
		E7853F56176F9FEE00EEAE4A /* HBMyScene.h */ = {isa = PBXFileReference; lastKnownFileType = sourcecode.c.h; path = HBMyScene.h; sourceTree = "<group>"; };
		E7853F57176F9FEE00EEAE4A /* HBMyScene.m */ = {isa = PBXFileReference; lastKnownFileType = sourcecode.c.objc; path = HBMyScene.m; sourceTree = "<group>"; };
		E7853F59176F9FEE00EEAE4A /* Spaceship.png */ = {isa = PBXFileReference; lastKnownFileType = image.png; path = Spaceship.png; sourceTree = "<group>"; };
		E7853F5B176F9FEE00EEAE4A /* Images.xcassets */ = {isa = PBXFileReference; lastKnownFileType = folder.assetcatalog; path = Images.xcassets; sourceTree = "<group>"; };
		E7853F61176F9FEE00EEAE4A /* HBBoilerplateTests.xctest */ = {isa = PBXFileReference; explicitFileType = wrapper.cfbundle; includeInIndex = 0; path = HBBoilerplateTests.xctest; sourceTree = BUILT_PRODUCTS_DIR; };
		E7853F62176F9FEE00EEAE4A /* XCTest.framework */ = {isa = PBXFileReference; lastKnownFileType = wrapper.framework; name = XCTest.framework; path = Library/Frameworks/XCTest.framework; sourceTree = DEVELOPER_DIR; };
		E7853F6A176F9FEE00EEAE4A /* HBBoilerplateTests-Info.plist */ = {isa = PBXFileReference; lastKnownFileType = text.plist.xml; path = "HBBoilerplateTests-Info.plist"; sourceTree = "<group>"; };
		E7853F6C176F9FEE00EEAE4A /* en */ = {isa = PBXFileReference; lastKnownFileType = text.plist.strings; name = en; path = en.lproj/InfoPlist.strings; sourceTree = "<group>"; };
		E7853F6E176F9FEE00EEAE4A /* HBBoilerplateTests.m */ = {isa = PBXFileReference; lastKnownFileType = sourcecode.c.objc; path = HBBoilerplateTests.m; sourceTree = "<group>"; };
/* End PBXFileReference section */

/* Begin PBXFrameworksBuildPhase section */
		E7853F33176F9FEE00EEAE4A /* Frameworks */ = {
			isa = PBXFrameworksBuildPhase;
			buildActionMask = 2147483647;
			files = (
				E7853F3C176F9FEE00EEAE4A /* CoreGraphics.framework in Frameworks */,
				E7853F3E176F9FEE00EEAE4A /* UIKit.framework in Frameworks */,
				E7853F40176F9FEE00EEAE4A /* SpriteKit.framework in Frameworks */,
				E7853F3A176F9FEE00EEAE4A /* Foundation.framework in Frameworks */,
			);
			runOnlyForDeploymentPostprocessing = 0;
		};
		E7853F5E176F9FEE00EEAE4A /* Frameworks */ = {
			isa = PBXFrameworksBuildPhase;
			buildActionMask = 2147483647;
			files = (
				E7853F63176F9FEE00EEAE4A /* XCTest.framework in Frameworks */,
				E7853F65176F9FEE00EEAE4A /* UIKit.framework in Frameworks */,
				E7853F64176F9FEE00EEAE4A /* Foundation.framework in Frameworks */,
			);
			runOnlyForDeploymentPostprocessing = 0;
		};
/* End PBXFrameworksBuildPhase section */

/* Begin PBXGroup section */
		E7853F2D176F9FEE00EEAE4A = {
			isa = PBXGroup;
			children = (
				E7853F41176F9FEE00EEAE4A /* HBBoilerplate */,
				E7853F68176F9FEE00EEAE4A /* HBBoilerplateTests */,
				E7853F38176F9FEE00EEAE4A /* Frameworks */,
				E7853F37176F9FEE00EEAE4A /* Products */,
			);
			sourceTree = "<group>";
		};
		E7853F37176F9FEE00EEAE4A /* Products */ = {
			isa = PBXGroup;
			children = (
				E7853F36176F9FEE00EEAE4A /* HBBoilerplate.app */,
				E7853F61176F9FEE00EEAE4A /* HBBoilerplateTests.xctest */,
			);
			name = Products;
			sourceTree = "<group>";
		};
		E7853F38176F9FEE00EEAE4A /* Frameworks */ = {
			isa = PBXGroup;
			children = (
				E7853F39176F9FEE00EEAE4A /* Foundation.framework */,
				E7853F3B176F9FEE00EEAE4A /* CoreGraphics.framework */,
				E7853F3D176F9FEE00EEAE4A /* UIKit.framework */,
				E7853F3F176F9FEE00EEAE4A /* SpriteKit.framework */,
				E7853F62176F9FEE00EEAE4A /* XCTest.framework */,
			);
			name = Frameworks;
			sourceTree = "<group>";
		};
		E7853F41176F9FEE00EEAE4A /* HBBoilerplate */ = {
			isa = PBXGroup;
			children = (
				E7853F4A176F9FEE00EEAE4A /* HBAppDelegate.h */,
				E7853F4B176F9FEE00EEAE4A /* HBAppDelegate.m */,
				E7853F4D176F9FEE00EEAE4A /* Main_iPhone.storyboard */,
				E7853F50176F9FEE00EEAE4A /* Main_iPad.storyboard */,
				E7853F53176F9FEE00EEAE4A /* HBViewController.h */,
				E7853F54176F9FEE00EEAE4A /* HBViewController.m */,
				E7853F56176F9FEE00EEAE4A /* HBMyScene.h */,
				E7853F57176F9FEE00EEAE4A /* HBMyScene.m */,
				E7853F59176F9FEE00EEAE4A /* Spaceship.png */,
				E7853F5B176F9FEE00EEAE4A /* Images.xcassets */,
				E7853F42176F9FEE00EEAE4A /* Supporting Files */,
			);
			path = HBBoilerplate;
			sourceTree = "<group>";
		};
		E7853F42176F9FEE00EEAE4A /* Supporting Files */ = {
			isa = PBXGroup;
			children = (
				E7853F43176F9FEE00EEAE4A /* HBBoilerplate-Info.plist */,
				E7853F44176F9FEE00EEAE4A /* InfoPlist.strings */,
				E7853F47176F9FEE00EEAE4A /* main.m */,
				E7853F49176F9FEE00EEAE4A /* HBBoilerplate-Prefix.pch */,
			);
			name = "Supporting Files";
			sourceTree = "<group>";
		};
		E7853F68176F9FEE00EEAE4A /* HBBoilerplateTests */ = {
			isa = PBXGroup;
			children = (
				E7853F6E176F9FEE00EEAE4A /* HBBoilerplateTests.m */,
				E7853F69176F9FEE00EEAE4A /* Supporting Files */,
			);
			path = HBBoilerplateTests;
			sourceTree = "<group>";
		};
		E7853F69176F9FEE00EEAE4A /* Supporting Files */ = {
			isa = PBXGroup;
			children = (
				E7853F6A176F9FEE00EEAE4A /* HBBoilerplateTests-Info.plist */,
				E7853F6B176F9FEE00EEAE4A /* InfoPlist.strings */,
			);
			name = "Supporting Files";
			sourceTree = "<group>";
		};
/* End PBXGroup section */

/* Begin PBXNativeTarget section */
		E7853F35176F9FEE00EEAE4A /* HBBoilerplate */ = {
			isa = PBXNativeTarget;
			buildConfigurationList = E7853F72176F9FEE00EEAE4A /* Build configuration list for PBXNativeTarget "HBBoilerplate" */;
			buildPhases = (
				E7853F32176F9FEE00EEAE4A /* Sources */,
				E7853F33176F9FEE00EEAE4A /* Frameworks */,
				E7853F34176F9FEE00EEAE4A /* Resources */,
			);
			buildRules = (
			);
			dependencies = (
			);
			name = HBBoilerplate;
			productName = HBBoilerplate;
			productReference = E7853F36176F9FEE00EEAE4A /* HBBoilerplate.app */;
			productType = "com.apple.product-type.application";
		};
		E7853F60176F9FEE00EEAE4A /* HBBoilerplateTests */ = {
			isa = PBXNativeTarget;
			buildConfigurationList = E7853F75176F9FEE00EEAE4A /* Build configuration list for PBXNativeTarget "HBBoilerplateTests" */;
			buildPhases = (
				E7853F5D176F9FEE00EEAE4A /* Sources */,
				E7853F5E176F9FEE00EEAE4A /* Frameworks */,
				E7853F5F176F9FEE00EEAE4A /* Resources */,
			);
			buildRules = (
			);
			dependencies = (
				E7853F67176F9FEE00EEAE4A /* PBXTargetDependency */,
			);
			name = HBBoilerplateTests;
			productName = HBBoilerplateTests;
			productReference = E7853F61176F9FEE00EEAE4A /* HBBoilerplateTests.xctest */;
			productType = "com.apple.product-type.bundle.unit-test";
		};
/* End PBXNativeTarget section */

/* Begin PBXProject section */
		E7853F2E176F9FEE00EEAE4A /* Project object */ = {
			isa = PBXProject;
			attributes = {
				CLASSPREFIX = HB;
				LastUpgradeCheck = 0500;
				ORGANIZATIONNAME = "Kåre Harbo Poulsen";
				TargetAttributes = {
					E7853F60176F9FEE00EEAE4A = {
						TestTargetID = E7853F35176F9FEE00EEAE4A;
					};
				};
			};
			buildConfigurationList = E7853F31176F9FEE00EEAE4A /* Build configuration list for PBXProject "HBBoilerplate" */;
			compatibilityVersion = "Xcode 3.2";
			developmentRegion = English;
			hasScannedForEncodings = 0;
			knownRegions = (
				en,
				Base,
			);
			mainGroup = E7853F2D176F9FEE00EEAE4A;
			productRefGroup = E7853F37176F9FEE00EEAE4A /* Products */;
			projectDirPath = "";
			projectRoot = "";
			targets = (
				E7853F35176F9FEE00EEAE4A /* HBBoilerplate */,
				E7853F60176F9FEE00EEAE4A /* HBBoilerplateTests */,
			);
		};
/* End PBXProject section */

/* Begin PBXResourcesBuildPhase section */
		E7853F34176F9FEE00EEAE4A /* Resources */ = {
			isa = PBXResourcesBuildPhase;
			buildActionMask = 2147483647;
			files = (
				E7853F5A176F9FEE00EEAE4A /* Spaceship.png in Resources */,
				E7853F5C176F9FEE00EEAE4A /* Images.xcassets in Resources */,
				E7853F52176F9FEE00EEAE4A /* Main_iPad.storyboard in Resources */,
				E7853F4F176F9FEE00EEAE4A /* Main_iPhone.storyboard in Resources */,
				E7853F46176F9FEE00EEAE4A /* InfoPlist.strings in Resources */,
			);
			runOnlyForDeploymentPostprocessing = 0;
		};
		E7853F5F176F9FEE00EEAE4A /* Resources */ = {
			isa = PBXResourcesBuildPhase;
			buildActionMask = 2147483647;
			files = (
				E7853F6D176F9FEE00EEAE4A /* InfoPlist.strings in Resources */,
			);
			runOnlyForDeploymentPostprocessing = 0;
		};
/* End PBXResourcesBuildPhase section */

/* Begin PBXSourcesBuildPhase section */
		E7853F32176F9FEE00EEAE4A /* Sources */ = {
			isa = PBXSourcesBuildPhase;
			buildActionMask = 2147483647;
			files = (
				E7853F58176F9FEE00EEAE4A /* HBMyScene.m in Sources */,
				E7853F55176F9FEE00EEAE4A /* HBViewController.m in Sources */,
				E7853F4C176F9FEE00EEAE4A /* HBAppDelegate.m in Sources */,
				E7853F48176F9FEE00EEAE4A /* main.m in Sources */,
			);
			runOnlyForDeploymentPostprocessing = 0;
		};
		E7853F5D176F9FEE00EEAE4A /* Sources */ = {
			isa = PBXSourcesBuildPhase;
			buildActionMask = 2147483647;
			files = (
				E7853F6F176F9FEE00EEAE4A /* HBBoilerplateTests.m in Sources */,
			);
			runOnlyForDeploymentPostprocessing = 0;
		};
/* End PBXSourcesBuildPhase section */

/* Begin PBXTargetDependency section */
		E7853F67176F9FEE00EEAE4A /* PBXTargetDependency */ = {
			isa = PBXTargetDependency;
			target = E7853F35176F9FEE00EEAE4A /* HBBoilerplate */;
			targetProxy = E7853F66176F9FEE00EEAE4A /* PBXContainerItemProxy */;
		};
/* End PBXTargetDependency section */

/* Begin PBXVariantGroup section */
		E7853F44176F9FEE00EEAE4A /* InfoPlist.strings */ = {
			isa = PBXVariantGroup;
			children = (
				E7853F45176F9FEE00EEAE4A /* en */,
			);
			name = InfoPlist.strings;
			sourceTree = "<group>";
		};
		E7853F4D176F9FEE00EEAE4A /* Main_iPhone.storyboard */ = {
			isa = PBXVariantGroup;
			children = (
				E7853F4E176F9FEE00EEAE4A /* Base */,
			);
			name = Main_iPhone.storyboard;
			sourceTree = "<group>";
		};
		E7853F50176F9FEE00EEAE4A /* Main_iPad.storyboard */ = {
			isa = PBXVariantGroup;
			children = (
				E7853F51176F9FEE00EEAE4A /* Base */,
			);
			name = Main_iPad.storyboard;
			sourceTree = "<group>";
		};
		E7853F6B176F9FEE00EEAE4A /* InfoPlist.strings */ = {
			isa = PBXVariantGroup;
			children = (
				E7853F6C176F9FEE00EEAE4A /* en */,
			);
			name = InfoPlist.strings;
			sourceTree = "<group>";
		};
/* End PBXVariantGroup section */

/* Begin XCBuildConfiguration section */
		E7853F70176F9FEE00EEAE4A /* Debug */ = {
			isa = XCBuildConfiguration;
			buildSettings = {
				ALWAYS_SEARCH_USER_PATHS = NO;
				CLANG_CXX_LANGUAGE_STANDARD = "gnu++0x";
				CLANG_CXX_LIBRARY = "libc++";
				CLANG_ENABLE_MODULES = YES;
				CLANG_ENABLE_OBJC_ARC = YES;
				CLANG_WARN_BOOL_CONVERSION = YES;
				CLANG_WARN_CONSTANT_CONVERSION = YES;
				CLANG_WARN_DIRECT_OBJC_ISA_USAGE = YES_ERROR;
				CLANG_WARN_EMPTY_BODY = YES;
				CLANG_WARN_ENUM_CONVERSION = YES;
				CLANG_WARN_INT_CONVERSION = YES;
				CLANG_WARN_OBJC_ROOT_CLASS = YES_ERROR;
				CLANG_WARN__DUPLICATE_METHOD_MATCH = YES;
				"CODE_SIGN_IDENTITY[sdk=iphoneos*]" = "iPhone Developer";
				COPY_PHASE_STRIP = NO;
				GCC_C_LANGUAGE_STANDARD = gnu99;
				GCC_DYNAMIC_NO_PIC = NO;
				GCC_OPTIMIZATION_LEVEL = 0;
				GCC_PREPROCESSOR_DEFINITIONS = (
					"DEBUG=1",
					"$(inherited)",
				);
				GCC_SYMBOLS_PRIVATE_EXTERN = NO;
				GCC_WARN_ABOUT_RETURN_TYPE = YES_ERROR;
				GCC_WARN_UNDECLARED_SELECTOR = YES;
				GCC_WARN_UNINITIALIZED_AUTOS = YES;
				GCC_WARN_UNUSED_FUNCTION = YES;
				GCC_WARN_UNUSED_VARIABLE = YES;
				IPHONEOS_DEPLOYMENT_TARGET = 7.0;
				ONLY_ACTIVE_ARCH = YES;
				SDKROOT = iphoneos;
				TARGETED_DEVICE_FAMILY = "1,2";
			};
			name = Debug;
		};
		E7853F71176F9FEE00EEAE4A /* Release */ = {
			isa = XCBuildConfiguration;
			buildSettings = {
				ALWAYS_SEARCH_USER_PATHS = NO;
				CLANG_CXX_LANGUAGE_STANDARD = "gnu++0x";
				CLANG_CXX_LIBRARY = "libc++";
				CLANG_ENABLE_MODULES = YES;
				CLANG_ENABLE_OBJC_ARC = YES;
				CLANG_WARN_BOOL_CONVERSION = YES;
				CLANG_WARN_CONSTANT_CONVERSION = YES;
				CLANG_WARN_DIRECT_OBJC_ISA_USAGE = YES_ERROR;
				CLANG_WARN_EMPTY_BODY = YES;
				CLANG_WARN_ENUM_CONVERSION = YES;
				CLANG_WARN_INT_CONVERSION = YES;
				CLANG_WARN_OBJC_ROOT_CLASS = YES_ERROR;
				CLANG_WARN__DUPLICATE_METHOD_MATCH = YES;
				"CODE_SIGN_IDENTITY[sdk=iphoneos*]" = "iPhone Developer";
				COPY_PHASE_STRIP = YES;
				ENABLE_NS_ASSERTIONS = NO;
				GCC_C_LANGUAGE_STANDARD = gnu99;
				GCC_WARN_ABOUT_RETURN_TYPE = YES_ERROR;
				GCC_WARN_UNDECLARED_SELECTOR = YES;
				GCC_WARN_UNINITIALIZED_AUTOS = YES;
				GCC_WARN_UNUSED_FUNCTION = YES;
				GCC_WARN_UNUSED_VARIABLE = YES;
				IPHONEOS_DEPLOYMENT_TARGET = 7.0;
				SDKROOT = iphoneos;
				TARGETED_DEVICE_FAMILY = "1,2";
				VALIDATE_PRODUCT = YES;
			};
			name = Release;
		};
		E7853F73176F9FEE00EEAE4A /* Debug */ = {
			isa = XCBuildConfiguration;
			buildSettings = {
				ASSETCATALOG_COMPILER_APPICON_NAME = AppIcon;
				ASSETCATALOG_COMPILER_LAUNCHIMAGE_NAME = LaunchImage;
				GCC_PRECOMPILE_PREFIX_HEADER = YES;
				GCC_PREFIX_HEADER = "HBBoilerplate/HBBoilerplate-Prefix.pch";
				INFOPLIST_FILE = "HBBoilerplate/HBBoilerplate-Info.plist";
				PRODUCT_NAME = "$(TARGET_NAME)";
				SPRITEKIT_TEXTURE_ATLAS_OUTPUT = YES;
				WRAPPER_EXTENSION = app;
			};
			name = Debug;
		};
		E7853F74176F9FEE00EEAE4A /* Release */ = {
			isa = XCBuildConfiguration;
			buildSettings = {
				ASSETCATALOG_COMPILER_APPICON_NAME = AppIcon;
				ASSETCATALOG_COMPILER_LAUNCHIMAGE_NAME = LaunchImage;
				GCC_PRECOMPILE_PREFIX_HEADER = YES;
				GCC_PREFIX_HEADER = "HBBoilerplate/HBBoilerplate-Prefix.pch";
				INFOPLIST_FILE = "HBBoilerplate/HBBoilerplate-Info.plist";
				PRODUCT_NAME = "$(TARGET_NAME)";
				SPRITEKIT_TEXTURE_ATLAS_OUTPUT = YES;
				WRAPPER_EXTENSION = app;
			};
			name = Release;
		};
		E7853F76176F9FEE00EEAE4A /* Debug */ = {
			isa = XCBuildConfiguration;
			buildSettings = {
				BUNDLE_LOADER = "$(BUILT_PRODUCTS_DIR)/HBBoilerplate.app/HBBoilerplate";
				FRAMEWORK_SEARCH_PATHS = (
					"$(SDKROOT)/Developer/Library/Frameworks",
					"$(inherited)",
					"$(SYSTEM_APPS_DIR)/Xcode5-DP.app/Contents/Developer/Library/Frameworks",
				);
				GCC_PRECOMPILE_PREFIX_HEADER = YES;
				GCC_PREFIX_HEADER = "HBBoilerplate/HBBoilerplate-Prefix.pch";
				GCC_PREPROCESSOR_DEFINITIONS = (
					"DEBUG=1",
					"$(inherited)",
				);
				INFOPLIST_FILE = "HBBoilerplateTests/HBBoilerplateTests-Info.plist";
				PRODUCT_NAME = "$(TARGET_NAME)";
				TEST_HOST = "$(BUNDLE_LOADER)";
				WRAPPER_EXTENSION = xctest;
			};
			name = Debug;
		};
		E7853F77176F9FEE00EEAE4A /* Release */ = {
			isa = XCBuildConfiguration;
			buildSettings = {
				BUNDLE_LOADER = "$(BUILT_PRODUCTS_DIR)/HBBoilerplate.app/HBBoilerplate";
				FRAMEWORK_SEARCH_PATHS = (
					"$(SDKROOT)/Developer/Library/Frameworks",
					"$(inherited)",
					"$(SYSTEM_APPS_DIR)/Xcode5-DP.app/Contents/Developer/Library/Frameworks",
				);
				GCC_PRECOMPILE_PREFIX_HEADER = YES;
				GCC_PREFIX_HEADER = "HBBoilerplate/HBBoilerplate-Prefix.pch";
				INFOPLIST_FILE = "HBBoilerplateTests/HBBoilerplateTests-Info.plist";
				PRODUCT_NAME = "$(TARGET_NAME)";
				TEST_HOST = "$(BUNDLE_LOADER)";
				WRAPPER_EXTENSION = xctest;
			};
			name = Release;
		};
/* End XCBuildConfiguration section */

/* Begin XCConfigurationList section */
		E7853F31176F9FEE00EEAE4A /* Build configuration list for PBXProject "HBBoilerplate" */ = {
			isa = XCConfigurationList;
			buildConfigurations = (
				E7853F70176F9FEE00EEAE4A /* Debug */,
				E7853F71176F9FEE00EEAE4A /* Release */,
			);
			defaultConfigurationIsVisible = 0;
			defaultConfigurationName = Release;
		};
		E7853F72176F9FEE00EEAE4A /* Build configuration list for PBXNativeTarget "HBBoilerplate" */ = {
			isa = XCConfigurationList;
			buildConfigurations = (
				E7853F73176F9FEE00EEAE4A /* Debug */,
				E7853F74176F9FEE00EEAE4A /* Release */,
			);
			defaultConfigurationIsVisible = 0;
		};
		E7853F75176F9FEE00EEAE4A /* Build configuration list for PBXNativeTarget "HBBoilerplateTests" */ = {
			isa = XCConfigurationList;
			buildConfigurations = (
				E7853F76176F9FEE00EEAE4A /* Debug */,
				E7853F77176F9FEE00EEAE4A /* Release */,
			);
			defaultConfigurationIsVisible = 0;
		};
/* End XCConfigurationList section */
	};
	rootObject = E7853F2E176F9FEE00EEAE4A /* Project object */;
}
